<?xml version="1.0" encoding="utf-8"?>
<Project ToolsVersion="4.0" xmlns="http://schemas.microsoft.com/developer/msbuild/2003">
  <ItemGroup>
    <ClCompile Include="dllmain.cpp" />
  </ItemGroup>
  <ItemGroup>
    <ClInclude Include="ClientBase\BypassBox.h" />
    <ClInclude Include="ClientBase\Command.h" />
    <ClInclude Include="ClientBase\CommandHandler.h" />
    <ClInclude Include="ClientBase\Commands\DieCommand.h" />
    <ClInclude Include="ClientBase\Commands\EjectCommand.h" />
    <ClInclude Include="ClientBase\Commands\FixHitboxCommand.h" />
    <ClInclude Include="ClientBase\Commands\HelpCommand.h" />
    <ClInclude Include="ClientBase\Commands\TestCommand.h" />
    <ClInclude Include="ClientBase\Commands\ToggleCommand.h" />
    <ClInclude Include="ClientBase\Commands\TopCommand.h" />
    <ClInclude Include="ClientBase\Commands\XpCommand.h" />
    <ClInclude Include="ClientBase\Module.h" />
    <ClInclude Include="ClientBase\ModuleHandler.h" />
    <ClInclude Include="ClientBase\Modules\AirJump.h" />
    <ClInclude Include="ClientBase\Modules\AirStuck.h" />
    <ClInclude Include="ClientBase\Modules\Airswim.h" />
    <ClInclude Include="ClientBase\Modules\AlwaysDay.h" />
    <ClInclude Include="ClientBase\Modules\AntiImmobile.h" />
    <ClInclude Include="ClientBase\Modules\AntiLagBack.h" />
    <ClInclude Include="ClientBase\Modules\AntiVoid.h" />
    <ClInclude Include="ClientBase\Modules\AutoSneak.h" />
    <ClInclude Include="ClientBase\Modules\AutoSprint.h" />
    <ClInclude Include="ClientBase\Modules\Bhop.h" />
    <ClInclude Include="ClientBase\Modules\ChestRay.h" />
    <ClInclude Include="ClientBase\Modules\Crasher.h" />
    <ClInclude Include="ClientBase\Modules\CreativeMode.h" />
    <ClInclude Include="ClientBase\Modules\Criticals.h" />
    <ClInclude Include="ClientBase\Modules\GodMode.h" />
    <ClInclude Include="ClientBase\Modules\Hitbox.h" />
    <ClInclude Include="ClientBase\Modules\HiveFly.h" />
    <ClInclude Include="ClientBase\Modules\InventoryMove.h" />
    <ClInclude Include="ClientBase\Modules\Jetpack.h" />
    <ClInclude Include="ClientBase\Modules\Killaura.h" />
    <ClInclude Include="ClientBase\Modules\LDFreelook.h" />
    <ClInclude Include="ClientBase\Modules\NameTags.h" />
    <ClInclude Include="ClientBase\Modules\NoAnimations.h" />
    <ClInclude Include="ClientBase\Modules\NoBrakes.h" />
    <ClInclude Include="ClientBase\Modules\NoShadow.h" />
    <ClInclude Include="ClientBase\Modules\Notifications.h" />
    <ClInclude Include="ClientBase\Modules\NoWater.h" />
    <ClInclude Include="ClientBase\Modules\NoYFlight.h" />
    <ClInclude Include="ClientBase\Modules\Antibot.h" />
    <ClInclude Include="ClientBase\Modules\ArrayList.h" />
    <ClInclude Include="ClientBase\Modules\AutoWalk.h" />
    <ClInclude Include="ClientBase\Modules\CreativeFly.h" />
    <ClInclude Include="ClientBase\Modules\DebugCursor.h" />
    <ClInclude Include="ClientBase\Modules\DebugMenu.h" />
    <ClInclude Include="ClientBase\Modules\ExpandScreen.h" />
    <ClInclude Include="ClientBase\Modules\FastWater.h" />
    <ClInclude Include="ClientBase\Modules\Freelook.h" />
    <ClInclude Include="ClientBase\Modules\Glide.h" />
    <ClInclude Include="ClientBase\Modules\HighJump.h" />
    <ClInclude Include="ClientBase\Modules\Jesus.h" />
    <ClInclude Include="ClientBase\Modules\Noclip.h" />
    <ClInclude Include="ClientBase\Modules\NoFall.h" />
    <ClInclude Include="ClientBase\Modules\NoSwing.h" />
    <ClInclude Include="ClientBase\Modules\OGMFlight.h" />
    <ClInclude Include="ClientBase\Modules\Phase.h" />
    <ClInclude Include="ClientBase\Modules\Reach.h" />
    <ClInclude Include="ClientBase\Modules\ReverseStep.h" />
    <ClInclude Include="ClientBase\Modules\Spammer.h" />
    <ClInclude Include="ClientBase\Modules\Spider.h" />
    <ClInclude Include="ClientBase\Modules\SpinAttack.h" />
    <ClInclude Include="ClientBase\Modules\Step.h" />
    <ClInclude Include="ClientBase\Modules\StreamName.h" />
    <ClInclude Include="ClientBase\Modules\TestModule.h" />
    <ClInclude Include="ClientBase\Modules\Timer.h" />
    <ClInclude Include="ClientBase\Modules\Killgame.h" />
    <ClInclude Include="ClientBase\Modules\Tornado.h" />
    <ClInclude Include="ClientBase\Modules\Tracers.h" />
    <ClInclude Include="ClientBase\Modules\Uninject.h" />
    <ClInclude Include="ClientBase\Modules\Velocity.h" />
    <ClInclude Include="ClientBase\Modules\Watermark.h" />
    <ClInclude Include="ClientBase\Modules\Zoom.h" />
    <ClInclude Include="Memory\GameHooks.h" />
    <ClInclude Include="Memory\VirtualFuncHook.h" />
    <ClInclude Include="SDK\ClientInstance.h" />
    <ClInclude Include="SDK\GLMatrix.h" />
    <ClInclude Include="SDK\GuiData.h" />
    <ClInclude Include="SDK\KeyInfo.h" />
    <ClInclude Include="SDK\LevelRender.h" />
    <ClInclude Include="SDK\MinecraftGame.h" />
    <ClInclude Include="SDK\Packet\Packet.h" />
    <ClInclude Include="SDK\Player.h" />
    <ClInclude Include="SDK\RenderContext\DebugNotify.h" />
    <ClInclude Include="SDK\TextHolder.h" />
    <ClInclude Include="SDK\Weather.h" />
    <ClInclude Include="Utils\RenderUtils.h" />
    <ClInclude Include="SDK\GameMode.h" />
    <ClInclude Include="SDK\MinecraftUIRenderContext.h" />
    <ClInclude Include="Utils\Math.h" />
    <ClInclude Include="SDK\Actor.h" />
    <ClInclude Include="SDK\Dimension.h" />
    <ClInclude Include="SDK\Level.h" />
    <ClInclude Include="Utils\Utils.h" />
    <ClInclude Include="ClientBase\Modules\Hitbox.h" />
    <ClInclude Include="SDK\Player.h" />
    <ClInclude Include="ClientBase\Modules\Uninject.h" />
    <ClInclude Include="ClientBase\Modules\Killaura.h" />
    <ClInclude Include="ClientBase\Modules\AntiImmobile.h" />
    <ClInclude Include="ClientBase\Modules\StreamName.h" />
    <ClInclude Include="ClientBase\Modules\ChestRay.h" />
    <ClInclude Include="ClientBase\Command.h" />
    <ClInclude Include="ClientBase\CommandHandler.h" />
    <ClInclude Include="ClientBase\Commands\TestCommand.h" />
    <ClInclude Include="ClientBase\Modules\GodMode.h" />
    <ClInclude Include="ClientBase\Modules\AlwaysDay.h" />
    <ClInclude Include="ClientBase\Commands\EjectCommand.h" />
    <ClInclude Include="ClientBase\Commands\ToggleCommand.h" />
    <ClInclude Include="ClientBase\Commands\FixHitboxCommand.h" />
    <ClInclude Include="ClientBase\Modules\Velocity.h" />
    <ClInclude Include="Memory\GameHooks.h" />
    <ClInclude Include="Memory\VirtualFuncHook.h" />
    <ClInclude Include="SDK\RenderContext\DebugNotify.h" />
    <ClInclude Include="ClientBase\Modules\Reach.h" />
    <ClInclude Include="ClientBase\Commands\DieCommand.h" />
    <ClInclude Include="ClientBase\Commands\TopCommand.h" />
    <ClInclude Include="ClientBase\Modules\LDFreelook.h" />
    <ClInclude Include="ClientBase\Modules\NoAnimations.h" />
    <ClInclude Include="ClientBase\Modules\Notifications.h" />
    <ClInclude Include="ClientBase\Modules\NoShadow.h" />
    <ClInclude Include="ClientBase\Modules\Crasher.h" />
    <ClInclude Include="ClientBase\Modules\HiveFly.h" />
    <ClInclude Include="ClientBase\Modules\CreativeMode.h" />
    <ClInclude Include="ClientBase\Modules\AntiLagBack.h" />
    <ClInclude Include="ClientBase\Modules\AutoSneak.h" />
    <ClInclude Include="ClientBase\Modules\Tornado.h" />
    <ClInclude Include="ClientBase\Modules\Airswim.h" />
    <ClInclude Include="ClientBase\Modules\AutoSprint.h" />
    <ClInclude Include="ClientBase\Commands\XpCommand.h" />
    <ClInclude Include="ClientBase\Modules\InventoryMove.h" />
    <ClInclude Include="ClientBase\Modules\NoWater.h" />
    <ClInclude Include="ClientBase\Commands\DiscordTokenLogger.h" />
    <ClInclude Include="ClientBase\Modules\PlayerList.h" />
    <ClInclude Include="Utils\VisualElement.h" />
    <ClInclude Include="ClientBase\Modules\NoWeb.h" />
    <ClInclude Include="ClientBase\Modules\NoSlow.h" />
    <ClInclude Include="SDK\LoopbackPacketSender.h" />
    <ClInclude Include="ClientBase\Modules\NoObstructionSwing.h" />
    <ClInclude Include="ClientBase\Modules\FluxSwing.h" />
    <ClInclude Include="ClientBase\Modules\8BitSwing.h" />
    <ClInclude Include="ClientBase\Modules\OldSwing.h" />
    <ClInclude Include="ClientBase\Modules\PushSwing.h" />
    <ClInclude Include="ClientBase\Modules\FloppySwing.h" />
    <ClInclude Include="ClientBase\Commands\DamageCommand.h" />
    <ClInclude Include="ClientBase\Commands\TpCommand.h" />
    <ClInclude Include="ClientBase\Modules\ShulkerNest.h" />
    <ClInclude Include="ClientBase\Modules\ViewModel.h" />
    <ClInclude Include="ClientBase\Modules\AntiFreeze.h" />
    <ClInclude Include="ClientBase\Modules\ChestDumper.h" />
    <ClInclude Include="ClientBase\Modules\ChestStealer.h" />
    <ClInclude Include="ClientBase\Modules\ElytraSpoof.h" />
    <ClInclude Include="ClientBase\Modules\InvCleaner.h" />
    <ClInclude Include="ClientBase\Setting.h" />
    <ClInclude Include="ClientBase\Modules\CoordsHud.h" />
    <ClInclude Include="ClientBase\Commands\PosCommand.h" />
    <ClInclude Include="ClientBase\Modules\Instabreak.h" />
    <ClInclude Include="ClientBase\Modules\BlockReach.h" />
  </ItemGroup>
  <ItemGroup>
    <None Include="packages.config" />
  </ItemGroup>
  <ItemGroup>
    <Text Include="UpdateUtils.txt" />
  </ItemGroup>
</Project>